
Microsoft Visual Studio Solution File, Format Version 12.00
# Visual Studio Version 16
VisualStudioVersion = 16.0.29123.88
MinimumVisualStudioVersion = 10.0.40219.1
Project("{FAE04EC0-301F-11D3-BF4B-00C04F79EFBC}") = "TrabajoAula", "TrabajoAula.csproj", "{F9AFD035-68D1-4271-AFF1-A15F2048C07C}"
EndProject
Global
	GlobalSection(SolutionConfigurationPlatforms) = preSolution
		Debug|Any CPU = Debug|Any CPU
		Release|Any CPU = Release|Any CPU
	EndGlobalSection
	GlobalSection(ProjectConfigurationPlatforms) = postSolution
		{F9AFD035-68D1-4271-AFF1-A15F2048C07C}.Debug|Any CPU.ActiveCfg = Debug|Any CPU
		{F9AFD035-68D1-4271-AFF1-A15F2048C07C}.Debug|Any CPU.Build.0 = Debug|Any CPU
		{F9AFD035-68D1-4271-AFF1-A15F2048C07C}.Release|Any CPU.ActiveCfg = Release|Any CPU
		{F9AFD035-68D1-4271-AFF1-A15F2048C07C}.Release|Any CPU.Build.0 = Release|Any CPU
	EndGlobalSection
	GlobalSection(SolutionProperties) = preSolution
		HideSolutionNode = FALSE
	EndGlobalSection
	GlobalSection(ExtensibilityGlobals) = postSolution
		SolutionGuid = {96C82569-41D1-48A3-A2D6-7BC474F59644}
	EndGlobalSection
EndGlobal
